# THIS IS AN AUTOGENERATED FILE. DO NOT EDIT THIS FILE DIRECTLY.
# yarn lockfile v1


"@types/md5@^2.2.0":
  version "2.2.0"
  resolved "https://registry.npm.taobao.org/@types/md5/download/@types/md5-2.2.0.tgz#cd82e16b95973f94bb03dee40c5b6be4a7fb7fb4"
  integrity sha1-zYLha5WXP5S7A97kDFtr5Kf7f7Q=
  dependencies:
    "@types/node" "*"

"@types/node@*", "@types/node@^14.14.0":
  version "14.14.0"
  resolved "https://registry.npm.taobao.org/@types/node/download/@types/node-14.14.0.tgz?cache=0&sync_timestamp=1603196091667&other_urls=https%3A%2F%2Fregistry.npm.taobao.org%2F%40types%2Fnode%2Fdownload%2F%40types%2Fnode-14.14.0.tgz#f1091b6ad5de18e8e91bdbd43ec63f13de372538"
  integrity sha1-8QkbatXeGOjpG9vUPsY/E943JTg=

charenc@0.0.2:
  version "0.0.2"
  resolved "https://registry.npm.taobao.org/charenc/download/charenc-0.0.2.tgz#c0a1d2f3a7092e03774bfa83f14c0fc5790a8667"
  integrity sha1-wKHS86cJLgN3S/qD8UwPxXkKhmc=

commander@^6.1.0:
  version "6.1.0"
  resolved "https://registry.npm.taobao.org/commander/download/commander-6.1.0.tgz?cache=0&sync_timestamp=1598576116597&other_urls=https%3A%2F%2Fregistry.npm.taobao.org%2Fcommander%2Fdownload%2Fcommander-6.1.0.tgz#f8d722b78103141006b66f4c7ba1e97315ba75bc"
  integrity sha1-+Ncit4EDFBAGtm9Me6HpcxW6dbw=

crypt@0.0.2:
  version "0.0.2"
  resolved "https://registry.npm.taobao.org/crypt/download/crypt-0.0.2.tgz#88d7ff7ec0dfb86f713dc87bbb42d044d3e6c41b"
  integrity sha1-iNf/fsDfuG9xPch7u0LQRNPmxBs=

is-buffer@~1.1.6:
  version "1.1.6"
  resolved "https://registry.npm.taobao.org/is-buffer/download/is-buffer-1.1.6.tgz#efaa2ea9daa0d7ab2ea13a97b2b8ad51fefbe8be"
  integrity sha1-76ouqdqg16suoTqXsritUf776L4=

md5@^2.3.0:
  version "2.3.0"
  resolved "https://registry.npm.taobao.org/md5/download/md5-2.3.0.tgz#c3da9a6aae3a30b46b7b0c349b87b110dc3bda4f"
  integrity sha1-w9qaaq46MLRreww0m4exENw72k8=
  dependencies:
    charenc "0.0.2"
    crypt "0.0.2"
    is-buffer "~1.1.6"
